
Microsoft Visual Studio Solution File, Format Version 12.00
# Visual Studio Version 17
VisualStudioVersion = 17.8.34330.188
MinimumVisualStudioVersion = 10.0.40219.1
Project("{FAE04EC0-301F-11D3-BF4B-00C04F79EFBC}") = "TesteMazza", "Teste.WebUI\TesteMazza.csproj", "{883F3531-67A5-4D35-B7EF-092EE909940D}"
EndProject
Project("{9A19103F-16F7-4668-BE54-9A1E7A4F7556}") = "TesteMazza.Api", "Teste.API\TesteMazza.Api.csproj", "{3FB9B072-5535-409E-8B02-E904DA3B4ED1}"
EndProject
Global
	GlobalSection(SolutionConfigurationPlatforms) = preSolution
		Debug|Any CPU = Debug|Any CPU
		Release|Any CPU = Release|Any CPU
	EndGlobalSection
	GlobalSection(ProjectConfigurationPlatforms) = postSolution
		{883F3531-67A5-4D35-B7EF-092EE909940D}.Debug|Any CPU.ActiveCfg = Debug|Any CPU
		{883F3531-67A5-4D35-B7EF-092EE909940D}.Debug|Any CPU.Build.0 = Debug|Any CPU
		{883F3531-67A5-4D35-B7EF-092EE909940D}.Release|Any CPU.ActiveCfg = Release|Any CPU
		{883F3531-67A5-4D35-B7EF-092EE909940D}.Release|Any CPU.Build.0 = Release|Any CPU
		{3FB9B072-5535-409E-8B02-E904DA3B4ED1}.Debug|Any CPU.ActiveCfg = Debug|Any CPU
		{3FB9B072-5535-409E-8B02-E904DA3B4ED1}.Debug|Any CPU.Build.0 = Debug|Any CPU
		{3FB9B072-5535-409E-8B02-E904DA3B4ED1}.Release|Any CPU.ActiveCfg = Release|Any CPU
		{3FB9B072-5535-409E-8B02-E904DA3B4ED1}.Release|Any CPU.Build.0 = Release|Any CPU
	EndGlobalSection
	GlobalSection(SolutionProperties) = preSolution
		HideSolutionNode = FALSE
	EndGlobalSection
	GlobalSection(ExtensibilityGlobals) = postSolution
		SolutionGuid = {26B9C43A-1ECD-4AF4-8428-D7C0DA2C760A}
	EndGlobalSection
EndGlobal
